{
  "name": "node-starter",
  "version": "0.0.0",
  "lockfileVersion": 2,
  "requires": true,
  "packages": {
    "": {
      "name": "node-starter",
      "version": "0.0.0",
      "dependencies": {
        "1post": "^1.4.4"
      }
    },
    "node_modules/1post": {
      "version": "1.4.4",
      "resolved": "https://registry.npmjs.org/1post/-/1post-1.4.4.tgz",
      "integrity": "sha512-CNZp0dXTJaQgI9iycWAR+zfDwaRZggq6z6IMuOnsO9nwpLk2iiATwwU87qylhpM7mKVG+BhwBwWeOqkg6+5B2w==",
      "bin": {
        "1post": "index.js"
      }
    }
  },
  "dependencies": {
    "1post": {
      "version": "1.4.4",
      "resolved": "https://registry.npmjs.org/1post/-/1post-1.4.4.tgz",
      "integrity": "sha512-CNZp0dXTJaQgI9iycWAR+zfDwaRZggq6z6IMuOnsO9nwpLk2iiATwwU87qylhpM7mKVG+BhwBwWeOqkg6+5B2w=="
    }
  }
}
